github.com/imfing/hextra v0.9.7 h1:Zg5n24us36Bn/S/5mEUPkRW6uwE6vHHEqWSgN0bPXaM=
github.com/imfing/hextra v0.9.7/go.mod h1:cEfel3lU/bSx7lTE/+uuR4GJaphyOyiwNR3PTqFTXpI=
github.com/jpanther/congo/v2 v2.12.1 h1:HwMaU1k0ZhKa8DNYNKn+UKyK+8lf3TvVYZ/z3YknlC4=
github.com/jpanther/congo/v2 v2.12.1/go.mod h1:1S7DRoO1ZYS4YUdFd1LjTkdyjQwsjFWd8TqSfz3Jd+M=
